
Microsoft Visual Studio Solution File, Format Version 12.00
# Visual Studio Version 17
VisualStudioVersion = 17.9.34728.123
MinimumVisualStudioVersion = 10.0.40219.1
Project("{FAE04EC0-301F-11D3-BF4B-00C04F79EFBC}") = "Assignment4", "Assignment4\Assignment4.csproj", "{32D5D38D-AB04-484F-BDDC-14894341EAF4}"
EndProject
Project("{FAE04EC0-301F-11D3-BF4B-00C04F79EFBC}") = "Demo1", "Demo1\Demo1.csproj", "{357A640E-02D2-489B-9A8A-75989768BACC}"
EndProject
Global
	GlobalSection(SolutionConfigurationPlatforms) = preSolution
		Debug|Any CPU = Debug|Any CPU
		Release|Any CPU = Release|Any CPU
	EndGlobalSection
	GlobalSection(ProjectConfigurationPlatforms) = postSolution
		{32D5D38D-AB04-484F-BDDC-14894341EAF4}.Debug|Any CPU.ActiveCfg = Debug|Any CPU
		{32D5D38D-AB04-484F-BDDC-14894341EAF4}.Debug|Any CPU.Build.0 = Debug|Any CPU
		{32D5D38D-AB04-484F-BDDC-14894341EAF4}.Release|Any CPU.ActiveCfg = Release|Any CPU
		{32D5D38D-AB04-484F-BDDC-14894341EAF4}.Release|Any CPU.Build.0 = Release|Any CPU
		{357A640E-02D2-489B-9A8A-75989768BACC}.Debug|Any CPU.ActiveCfg = Debug|Any CPU
		{357A640E-02D2-489B-9A8A-75989768BACC}.Debug|Any CPU.Build.0 = Debug|Any CPU
		{357A640E-02D2-489B-9A8A-75989768BACC}.Release|Any CPU.ActiveCfg = Release|Any CPU
		{357A640E-02D2-489B-9A8A-75989768BACC}.Release|Any CPU.Build.0 = Release|Any CPU
	EndGlobalSection
	GlobalSection(SolutionProperties) = preSolution
		HideSolutionNode = FALSE
	EndGlobalSection
	GlobalSection(ExtensibilityGlobals) = postSolution
		SolutionGuid = {BE491BE9-56D2-4654-A2D6-C91B581D67CE}
	EndGlobalSection
EndGlobal
